// !$*UTF8*$!
{
	archiveVersion = 1;
	classes = {
	};
	objectVersion = 56;
	objects = {

/* Begin PBXBuildFile section */
		AC3E378F2F88DBBC00791240 /* ReloadDetailsDelegateProtocol.swift in Sources */ = {isa = PBXBuildFile; fileRef = AC3E378E2F88DBBC00791240 /* ReloadDetailsDelegateProtocol.swift */; };
		AC3E37912F891B6100791240 /* ImagePicker.swift in Sources */ = {isa = PBXBuildFile; fileRef = AC3E37902F891B6100791240 /* ImagePicker.swift */; };
		AC3E37952F89410C00791240 /* Alamofire in Frameworks */ = {isa = PBXBuildFile; productRef = AC3E37942F89410C00791240 /* Alamofire */; };
		ACAC1F542F877BB4005C097E /* EmployeeListBuilder.swift in Sources */ = {isa = PBXBuildFile; fileRef = ACAC1F532F877BB4005C097E /* EmployeeListBuilder.swift */; };
		ACAC1F562F877BDC005C097E /* EmployeeListPresenter.swift in Sources */ = {isa = PBXBuildFile; fileRef = ACAC1F552F877BDC005C097E /* EmployeeListPresenter.swift */; };
		ACAC1F582F877C01005C097E /* EmployeeListView.swift in Sources */ = {isa = PBXBuildFile; fileRef = ACAC1F572F877C01005C097E /* EmployeeListView.swift */; };
		ACAC1F5A2F877C7B005C097E /* EmployeeListRouter.swift in Sources */ = {isa = PBXBuildFile; fileRef = ACAC1F592F877C7B005C097E /* EmployeeListRouter.swift */; };
		ACAC1F5C2F877C90005C097E /* EmployeeListInteractor.swift in Sources */ = {isa = PBXBuildFile; fileRef = ACAC1F5B2F877C90005C097E /* EmployeeListInteractor.swift */; };
		ACAC1F5E2F877CAA005C097E /* EmployeeListEntity.swift in Sources */ = {isa = PBXBuildFile; fileRef = ACAC1F5D2F877CAA005C097E /* EmployeeListEntity.swift */; };
		ACAC1F612F877D62005C097E /* EmployeeDetailsBuilder.swift in Sources */ = {isa = PBXBuildFile; fileRef = ACAC1F602F877D62005C097E /* EmployeeDetailsBuilder.swift */; };
		ACAC1F632F877D76005C097E /* EmployeeDetailView.swift in Sources */ = {isa = PBXBuildFile; fileRef = ACAC1F622F877D76005C097E /* EmployeeDetailView.swift */; };
		ACAC1F652F877D92005C097E /* EmployeeDetailPresenter.swift in Sources */ = {isa = PBXBuildFile; fileRef = ACAC1F642F877D92005C097E /* EmployeeDetailPresenter.swift */; };
		ACAC1F682F877DC1005C097E /* AddEmployeeBuilder.swift in Sources */ = {isa = PBXBuildFile; fileRef = ACAC1F672F877DC1005C097E /* AddEmployeeBuilder.swift */; };
		ACAC1F6A2F877DDB005C097E /* AddEmployeeView.swift in Sources */ = {isa = PBXBuildFile; fileRef = ACAC1F692F877DDB005C097E /* AddEmployeeView.swift */; };
		ACAC1F6D2F87881C005C097E /* AddEmployeePresenter.swift in Sources */ = {isa = PBXBuildFile; fileRef = ACAC1F6C2F87881C005C097E /* AddEmployeePresenter.swift */; };
		ACAC1F6F2F878840005C097E /* AddEmployeeInteractor.swift in Sources */ = {isa = PBXBuildFile; fileRef = ACAC1F6E2F878840005C097E /* AddEmployeeInteractor.swift */; };
		ACAC1F712F87885B005C097E /* AddEmployeeRouter.swift in Sources */ = {isa = PBXBuildFile; fileRef = ACAC1F702F87885B005C097E /* AddEmployeeRouter.swift */; };
		ACAC1F732F87AE80005C097E /* EmployeeListContract.swift in Sources */ = {isa = PBXBuildFile; fileRef = ACAC1F722F87AE80005C097E /* EmployeeListContract.swift */; };
		ACAC1F752F87B657005C097E /* ReusableComponents.swift in Sources */ = {isa = PBXBuildFile; fileRef = ACAC1F742F87B657005C097E /* ReusableComponents.swift */; };
		ACAC1F772F87BECB005C097E /* HeaderCurveView.swift in Sources */ = {isa = PBXBuildFile; fileRef = ACAC1F762F87BECB005C097E /* HeaderCurveView.swift */; };
		ACAC1F7A2F87C9D9005C097E /* EmployeeDetailsRouter.swift in Sources */ = {isa = PBXBuildFile; fileRef = ACAC1F792F87C9D9005C097E /* EmployeeDetailsRouter.swift */; };
		ACBBC7212F8A84B500458806 /* AddEmployeeEntity.swift in Sources */ = {isa = PBXBuildFile; fileRef = ACBBC7202F8A84B500458806 /* AddEmployeeEntity.swift */; };
		ACCFA9912F8547BE00AFDB52 /* AppDelegate.swift in Sources */ = {isa = PBXBuildFile; fileRef = ACCFA9902F8547BE00AFDB52 /* AppDelegate.swift */; };
		ACCFA9932F8547BE00AFDB52 /* SceneDelegate.swift in Sources */ = {isa = PBXBuildFile; fileRef = ACCFA9922F8547BE00AFDB52 /* SceneDelegate.swift */; };
		ACCFA9952F8547BE00AFDB52 /* ViewController.swift in Sources */ = {isa = PBXBuildFile; fileRef = ACCFA9942F8547BE00AFDB52 /* ViewController.swift */; };
		ACCFA9982F8547BE00AFDB52 /* Main.storyboard in Resources */ = {isa = PBXBuildFile; fileRef = ACCFA9962F8547BE00AFDB52 /* Main.storyboard */; };
		ACCFA99A2F8547C300AFDB52 /* Assets.xcassets in Resources */ = {isa = PBXBuildFile; fileRef = ACCFA9992F8547C300AFDB52 /* Assets.xcassets */; };
		ACCFA99D2F8547C300AFDB52 /* LaunchScreen.storyboard in Resources */ = {isa = PBXBuildFile; fileRef = ACCFA99B2F8547C300AFDB52 /* LaunchScreen.storyboard */; };
		ACCFA9A52F8547DB00AFDB52 /* CompositionRoot.swift in Sources */ = {isa = PBXBuildFile; fileRef = ACCFA9A42F8547DB00AFDB52 /* CompositionRoot.swift */; };
/* End PBXBuildFile section */

/* Begin PBXFileReference section */
		AC3E378E2F88DBBC00791240 /* ReloadDetailsDelegateProtocol.swift */ = {isa = PBXFileReference; lastKnownFileType = sourcecode.swift; path = ReloadDetailsDelegateProtocol.swift; sourceTree = "<group>"; };
		AC3E37902F891B6100791240 /* ImagePicker.swift */ = {isa = PBXFileReference; lastKnownFileType = sourcecode.swift; path = ImagePicker.swift; sourceTree = "<group>"; };
		ACAC1F532F877BB4005C097E /* EmployeeListBuilder.swift */ = {isa = PBXFileReference; lastKnownFileType = sourcecode.swift; path = EmployeeListBuilder.swift; sourceTree = "<group>"; };
		ACAC1F552F877BDC005C097E /* EmployeeListPresenter.swift */ = {isa = PBXFileReference; lastKnownFileType = sourcecode.swift; path = EmployeeListPresenter.swift; sourceTree = "<group>"; };
		ACAC1F572F877C01005C097E /* EmployeeListView.swift */ = {isa = PBXFileReference; lastKnownFileType = sourcecode.swift; path = EmployeeListView.swift; sourceTree = "<group>"; };
		ACAC1F592F877C7B005C097E /* EmployeeListRouter.swift */ = {isa = PBXFileReference; lastKnownFileType = sourcecode.swift; path = EmployeeListRouter.swift; sourceTree = "<group>"; };
		ACAC1F5B2F877C90005C097E /* EmployeeListInteractor.swift */ = {isa = PBXFileReference; lastKnownFileType = sourcecode.swift; path = EmployeeListInteractor.swift; sourceTree = "<group>"; };
		ACAC1F5D2F877CAA005C097E /* EmployeeListEntity.swift */ = {isa = PBXFileReference; lastKnownFileType = sourcecode.swift; path = EmployeeListEntity.swift; sourceTree = "<group>"; };
		ACAC1F602F877D62005C097E /* EmployeeDetailsBuilder.swift */ = {isa = PBXFileReference; lastKnownFileType = sourcecode.swift; path = EmployeeDetailsBuilder.swift; sourceTree = "<group>"; };
		ACAC1F622F877D76005C097E /* EmployeeDetailView.swift */ = {isa = PBXFileReference; lastKnownFileType = sourcecode.swift; path = EmployeeDetailView.swift; sourceTree = "<group>"; };
		ACAC1F642F877D92005C097E /* EmployeeDetailPresenter.swift */ = {isa = PBXFileReference; lastKnownFileType = sourcecode.swift; path = EmployeeDetailPresenter.swift; sourceTree = "<group>"; };
		ACAC1F672F877DC1005C097E /* AddEmployeeBuilder.swift */ = {isa = PBXFileReference; lastKnownFileType = sourcecode.swift; path = AddEmployeeBuilder.swift; sourceTree = "<group>"; };
		ACAC1F692F877DDB005C097E /* AddEmployeeView.swift */ = {isa = PBXFileReference; lastKnownFileType = sourcecode.swift; path = AddEmployeeView.swift; sourceTree = "<group>"; };
		ACAC1F6C2F87881C005C097E /* AddEmployeePresenter.swift */ = {isa = PBXFileReference; lastKnownFileType = sourcecode.swift; path = AddEmployeePresenter.swift; sourceTree = "<group>"; };
		ACAC1F6E2F878840005C097E /* AddEmployeeInteractor.swift */ = {isa = PBXFileReference; lastKnownFileType = sourcecode.swift; path = AddEmployeeInteractor.swift; sourceTree = "<group>"; };
		ACAC1F702F87885B005C097E /* AddEmployeeRouter.swift */ = {isa = PBXFileReference; lastKnownFileType = sourcecode.swift; path = AddEmployeeRouter.swift; sourceTree = "<group>"; };
		ACAC1F722F87AE80005C097E /* EmployeeListContract.swift */ = {isa = PBXFileReference; lastKnownFileType = sourcecode.swift; path = EmployeeListContract.swift; sourceTree = "<group>"; };
		ACAC1F742F87B657005C097E /* ReusableComponents.swift */ = {isa = PBXFileReference; lastKnownFileType = sourcecode.swift; path = ReusableComponents.swift; sourceTree = "<group>"; };
		ACAC1F762F87BECB005C097E /* HeaderCurveView.swift */ = {isa = PBXFileReference; lastKnownFileType = sourcecode.swift; path = HeaderCurveView.swift; sourceTree = "<group>"; };
		ACAC1F792F87C9D9005C097E /* EmployeeDetailsRouter.swift */ = {isa = PBXFileReference; lastKnownFileType = sourcecode.swift; path = EmployeeDetailsRouter.swift; sourceTree = "<group>"; };
		ACBBC7202F8A84B500458806 /* AddEmployeeEntity.swift */ = {isa = PBXFileReference; lastKnownFileType = sourcecode.swift; path = AddEmployeeEntity.swift; sourceTree = "<group>"; };
		ACCFA98D2F8547BE00AFDB52 /* Employee_Management_System.app */ = {isa = PBXFileReference; explicitFileType = wrapper.application; includeInIndex = 0; path = Employee_Management_System.app; sourceTree = BUILT_PRODUCTS_DIR; };
		ACCFA9902F8547BE00AFDB52 /* AppDelegate.swift */ = {isa = PBXFileReference; lastKnownFileType = sourcecode.swift; path = AppDelegate.swift; sourceTree = "<group>"; };
		ACCFA9922F8547BE00AFDB52 /* SceneDelegate.swift */ = {isa = PBXFileReference; lastKnownFileType = sourcecode.swift; path = SceneDelegate.swift; sourceTree = "<group>"; };
		ACCFA9942F8547BE00AFDB52 /* ViewController.swift */ = {isa = PBXFileReference; lastKnownFileType = sourcecode.swift; path = ViewController.swift; sourceTree = "<group>"; };
		ACCFA9972F8547BE00AFDB52 /* Base */ = {isa = PBXFileReference; lastKnownFileType = file.storyboard; name = Base; path = Base.lproj/Main.storyboard; sourceTree = "<group>"; };
		ACCFA9992F8547C300AFDB52 /* Assets.xcassets */ = {isa = PBXFileReference; lastKnownFileType = folder.assetcatalog; path = Assets.xcassets; sourceTree = "<group>"; };
		ACCFA99C2F8547C300AFDB52 /* Base */ = {isa = PBXFileReference; lastKnownFileType = file.storyboard; name = Base; path = Base.lproj/LaunchScreen.storyboard; sourceTree = "<group>"; };
		ACCFA99E2F8547C300AFDB52 /* Info.plist */ = {isa = PBXFileReference; lastKnownFileType = text.plist.xml; path = Info.plist; sourceTree = "<group>"; };
		ACCFA9A42F8547DB00AFDB52 /* CompositionRoot.swift */ = {isa = PBXFileReference; lastKnownFileType = sourcecode.swift; path = CompositionRoot.swift; sourceTree = "<group>"; };
/* End PBXFileReference section */

/* Begin PBXFrameworksBuildPhase section */
		ACCFA98A2F8547BE00AFDB52 /* Frameworks */ = {
			isa = PBXFrameworksBuildPhase;
			buildActionMask = 2147483647;
			files = (
				AC3E37952F89410C00791240 /* Alamofire in Frameworks */,
			);
			runOnlyForDeploymentPostprocessing = 0;
		};
/* End PBXFrameworksBuildPhase section */

/* Begin PBXGroup section */
		ACAC1F5F2F877CB7005C097E /* EmployeeListScreen */ = {
			isa = PBXGroup;
			children = (
				ACAC1F532F877BB4005C097E /* EmployeeListBuilder.swift */,
				ACAC1F552F877BDC005C097E /* EmployeeListPresenter.swift */,
				ACAC1F572F877C01005C097E /* EmployeeListView.swift */,
				ACAC1F592F877C7B005C097E /* EmployeeListRouter.swift */,
				ACAC1F5B2F877C90005C097E /* EmployeeListInteractor.swift */,
				ACAC1F5D2F877CAA005C097E /* EmployeeListEntity.swift */,
				ACAC1F722F87AE80005C097E /* EmployeeListContract.swift */,
			);
			path = EmployeeListScreen;
			sourceTree = "<group>";
		};
		ACAC1F662F877DA1005C097E /* EmployeeDetailsScreen */ = {
			isa = PBXGroup;
			children = (
				ACAC1F782F87C6FF005C097E /* SubViews */,
				ACAC1F602F877D62005C097E /* EmployeeDetailsBuilder.swift */,
				ACAC1F792F87C9D9005C097E /* EmployeeDetailsRouter.swift */,
				AC3E378E2F88DBBC00791240 /* ReloadDetailsDelegateProtocol.swift */,
				ACAC1F622F877D76005C097E /* EmployeeDetailView.swift */,
				ACAC1F642F877D92005C097E /* EmployeeDetailPresenter.swift */,
			);
			path = EmployeeDetailsScreen;
			sourceTree = "<group>";
		};
		ACAC1F6B2F877DEC005C097E /* AddEmployeeScreen */ = {
			isa = PBXGroup;
			children = (
				ACAC1F672F877DC1005C097E /* AddEmployeeBuilder.swift */,
				ACAC1F692F877DDB005C097E /* AddEmployeeView.swift */,
				ACAC1F6C2F87881C005C097E /* AddEmployeePresenter.swift */,
				ACBBC7202F8A84B500458806 /* AddEmployeeEntity.swift */,
				ACAC1F6E2F878840005C097E /* AddEmployeeInteractor.swift */,
				ACAC1F702F87885B005C097E /* AddEmployeeRouter.swift */,
			);
			path = AddEmployeeScreen;
			sourceTree = "<group>";
		};
		ACAC1F782F87C6FF005C097E /* SubViews */ = {
			isa = PBXGroup;
			children = (
				ACAC1F762F87BECB005C097E /* HeaderCurveView.swift */,
			);
			path = SubViews;
			sourceTree = "<group>";
		};
		ACCFA9842F8547BE00AFDB52 = {
			isa = PBXGroup;
			children = (
				ACCFA98F2F8547BE00AFDB52 /* Employee_Management_System */,
				ACCFA98E2F8547BE00AFDB52 /* Products */,
			);
			sourceTree = "<group>";
		};
		ACCFA98E2F8547BE00AFDB52 /* Products */ = {
			isa = PBXGroup;
			children = (
				ACCFA98D2F8547BE00AFDB52 /* Employee_Management_System.app */,
			);
			name = Products;
			sourceTree = "<group>";
		};
		ACCFA98F2F8547BE00AFDB52 /* Employee_Management_System */ = {
			isa = PBXGroup;
			children = (
				ACCFA9902F8547BE00AFDB52 /* AppDelegate.swift */,
				ACCFA9922F8547BE00AFDB52 /* SceneDelegate.swift */,
				ACCFA9942F8547BE00AFDB52 /* ViewController.swift */,
				ACCFA9A42F8547DB00AFDB52 /* CompositionRoot.swift */,
				ACAC1F742F87B657005C097E /* ReusableComponents.swift */,
				AC3E37902F891B6100791240 /* ImagePicker.swift */,
				ACAC1F5F2F877CB7005C097E /* EmployeeListScreen */,
				ACAC1F6B2F877DEC005C097E /* AddEmployeeScreen */,
				ACAC1F662F877DA1005C097E /* EmployeeDetailsScreen */,
				ACCFA9962F8547BE00AFDB52 /* Main.storyboard */,
				ACCFA9992F8547C300AFDB52 /* Assets.xcassets */,
				ACCFA99B2F8547C300AFDB52 /* LaunchScreen.storyboard */,
				ACCFA99E2F8547C300AFDB52 /* Info.plist */,
			);
			path = Employee_Management_System;
			sourceTree = "<group>";
		};
/* End PBXGroup section */

/* Begin PBXNativeTarget section */
		ACCFA98C2F8547BE00AFDB52 /* Employee_Management_System */ = {
			isa = PBXNativeTarget;
			buildConfigurationList = ACCFA9A12F8547C300AFDB52 /* Build configuration list for PBXNativeTarget "Employee_Management_System" */;
			buildPhases = (
				ACCFA9892F8547BE00AFDB52 /* Sources */,
				ACCFA98A2F8547BE00AFDB52 /* Frameworks */,
				ACCFA98B2F8547BE00AFDB52 /* Resources */,
			);
			buildRules = (
			);
			dependencies = (
			);
			name = Employee_Management_System;
			packageProductDependencies = (
				AC3E37942F89410C00791240 /* Alamofire */,
			);
			productName = Employee_Management_System;
			productReference = ACCFA98D2F8547BE00AFDB52 /* Employee_Management_System.app */;
			productType = "com.apple.product-type.application";
		};
/* End PBXNativeTarget section */

/* Begin PBXProject section */
		ACCFA9852F8547BE00AFDB52 /* Project object */ = {
			isa = PBXProject;
			attributes = {
				BuildIndependentTargetsInParallel = 1;
				LastSwiftUpdateCheck = 1410;
				LastUpgradeCheck = 1410;
				TargetAttributes = {
					ACCFA98C2F8547BE00AFDB52 = {
						CreatedOnToolsVersion = 14.1;
					};
				};
			};
			buildConfigurationList = ACCFA9882F8547BE00AFDB52 /* Build configuration list for PBXProject "Employee_Management_System" */;
			compatibilityVersion = "Xcode 14.0";
			developmentRegion = en;
			hasScannedForEncodings = 0;
			knownRegions = (
				en,
				Base,
			);
			mainGroup = ACCFA9842F8547BE00AFDB52;
			packageReferences = (
				AC3E37932F89410C00791240 /* XCRemoteSwiftPackageReference "Alamofire" */,
			);
			productRefGroup = ACCFA98E2F8547BE00AFDB52 /* Products */;
			projectDirPath = "";
			projectRoot = "";
			targets = (
				ACCFA98C2F8547BE00AFDB52 /* Employee_Management_System */,
			);
		};
/* End PBXProject section */

/* Begin PBXResourcesBuildPhase section */
		ACCFA98B2F8547BE00AFDB52 /* Resources */ = {
			isa = PBXResourcesBuildPhase;
			buildActionMask = 2147483647;
			files = (
				ACCFA99D2F8547C300AFDB52 /* LaunchScreen.storyboard in Resources */,
				ACCFA99A2F8547C300AFDB52 /* Assets.xcassets in Resources */,
				ACCFA9982F8547BE00AFDB52 /* Main.storyboard in Resources */,
			);
			runOnlyForDeploymentPostprocessing = 0;
		};
/* End PBXResourcesBuildPhase section */

/* Begin PBXSourcesBuildPhase section */
		ACCFA9892F8547BE00AFDB52 /* Sources */ = {
			isa = PBXSourcesBuildPhase;
			buildActionMask = 2147483647;
			files = (
				ACAC1F612F877D62005C097E /* EmployeeDetailsBuilder.swift in Sources */,
				ACAC1F5A2F877C7B005C097E /* EmployeeListRouter.swift in Sources */,
				ACAC1F772F87BECB005C097E /* HeaderCurveView.swift in Sources */,
				ACAC1F542F877BB4005C097E /* EmployeeListBuilder.swift in Sources */,
				ACAC1F5C2F877C90005C097E /* EmployeeListInteractor.swift in Sources */,
				ACAC1F752F87B657005C097E /* ReusableComponents.swift in Sources */,
				ACAC1F6F2F878840005C097E /* AddEmployeeInteractor.swift in Sources */,
				ACAC1F582F877C01005C097E /* EmployeeListView.swift in Sources */,
				ACBBC7212F8A84B500458806 /* AddEmployeeEntity.swift in Sources */,
				ACAC1F712F87885B005C097E /* AddEmployeeRouter.swift in Sources */,
				ACCFA9A52F8547DB00AFDB52 /* CompositionRoot.swift in Sources */,
				ACAC1F732F87AE80005C097E /* EmployeeListContract.swift in Sources */,
				ACAC1F7A2F87C9D9005C097E /* EmployeeDetailsRouter.swift in Sources */,
				ACAC1F6D2F87881C005C097E /* AddEmployeePresenter.swift in Sources */,
				ACCFA9952F8547BE00AFDB52 /* ViewController.swift in Sources */,
				ACAC1F652F877D92005C097E /* EmployeeDetailPresenter.swift in Sources */,
				AC3E378F2F88DBBC00791240 /* ReloadDetailsDelegateProtocol.swift in Sources */,
				ACAC1F5E2F877CAA005C097E /* EmployeeListEntity.swift in Sources */,
				ACCFA9912F8547BE00AFDB52 /* AppDelegate.swift in Sources */,
				ACAC1F632F877D76005C097E /* EmployeeDetailView.swift in Sources */,
				ACAC1F6A2F877DDB005C097E /* AddEmployeeView.swift in Sources */,
				ACAC1F682F877DC1005C097E /* AddEmployeeBuilder.swift in Sources */,
				AC3E37912F891B6100791240 /* ImagePicker.swift in Sources */,
				ACAC1F562F877BDC005C097E /* EmployeeListPresenter.swift in Sources */,
				ACCFA9932F8547BE00AFDB52 /* SceneDelegate.swift in Sources */,
			);
			runOnlyForDeploymentPostprocessing = 0;
		};
/* End PBXSourcesBuildPhase section */

/* Begin PBXVariantGroup section */
		ACCFA9962F8547BE00AFDB52 /* Main.storyboard */ = {
			isa = PBXVariantGroup;
			children = (
				ACCFA9972F8547BE00AFDB52 /* Base */,
			);
			name = Main.storyboard;
			sourceTree = "<group>";
		};
		ACCFA99B2F8547C300AFDB52 /* LaunchScreen.storyboard */ = {
			isa = PBXVariantGroup;
			children = (
				ACCFA99C2F8547C300AFDB52 /* Base */,
			);
			name = LaunchScreen.storyboard;
			sourceTree = "<group>";
		};
/* End PBXVariantGroup section */

/* Begin XCBuildConfiguration section */
		ACCFA99F2F8547C300AFDB52 /* Debug */ = {
			isa = XCBuildConfiguration;
			buildSettings = {
				ALWAYS_SEARCH_USER_PATHS = NO;
				CLANG_ANALYZER_LOCALIZABILITY_NONLOCALIZED = YES;
				CLANG_ANALYZER_NONNULL = YES;
				CLANG_ANALYZER_NUMBER_OBJECT_CONVERSION = YES_AGGRESSIVE;
				CLANG_CXX_LANGUAGE_STANDARD = "gnu++20";
				CLANG_ENABLE_MODULES = YES;
				CLANG_ENABLE_OBJC_ARC = YES;
				CLANG_ENABLE_OBJC_WEAK = YES;
				CLANG_WARN_BLOCK_CAPTURE_AUTORELEASING = YES;
				CLANG_WARN_BOOL_CONVERSION = YES;
				CLANG_WARN_COMMA = YES;
				CLANG_WARN_CONSTANT_CONVERSION = YES;
				CLANG_WARN_DEPRECATED_OBJC_IMPLEMENTATIONS = YES;
				CLANG_WARN_DIRECT_OBJC_ISA_USAGE = YES_ERROR;
				CLANG_WARN_DOCUMENTATION_COMMENTS = YES;
				CLANG_WARN_EMPTY_BODY = YES;
				CLANG_WARN_ENUM_CONVERSION = YES;
				CLANG_WARN_INFINITE_RECURSION = YES;
				CLANG_WARN_INT_CONVERSION = YES;
				CLANG_WARN_NON_LITERAL_NULL_CONVERSION = YES;
				CLANG_WARN_OBJC_IMPLICIT_RETAIN_SELF = YES;
				CLANG_WARN_OBJC_LITERAL_CONVERSION = YES;
				CLANG_WARN_OBJC_ROOT_CLASS = YES_ERROR;
				CLANG_WARN_QUOTED_INCLUDE_IN_FRAMEWORK_HEADER = YES;
				CLANG_WARN_RANGE_LOOP_ANALYSIS = YES;
				CLANG_WARN_STRICT_PROTOTYPES = YES;
				CLANG_WARN_SUSPICIOUS_MOVE = YES;
				CLANG_WARN_UNGUARDED_AVAILABILITY = YES_AGGRESSIVE;
				CLANG_WARN_UNREACHABLE_CODE = YES;
				CLANG_WARN__DUPLICATE_METHOD_MATCH = YES;
				COPY_PHASE_STRIP = NO;
				DEBUG_INFORMATION_FORMAT = dwarf;
				ENABLE_STRICT_OBJC_MSGSEND = YES;
				ENABLE_TESTABILITY = YES;
				GCC_C_LANGUAGE_STANDARD = gnu11;
				GCC_DYNAMIC_NO_PIC = NO;
				GCC_NO_COMMON_BLOCKS = YES;
				GCC_OPTIMIZATION_LEVEL = 0;
				GCC_PREPROCESSOR_DEFINITIONS = (
					"DEBUG=1",
					"$(inherited)",
				);
				GCC_WARN_64_TO_32_BIT_CONVERSION = YES;
				GCC_WARN_ABOUT_RETURN_TYPE = YES_ERROR;
				GCC_WARN_UNDECLARED_SELECTOR = YES;
				GCC_WARN_UNINITIALIZED_AUTOS = YES_AGGRESSIVE;
				GCC_WARN_UNUSED_FUNCTION = YES;
				GCC_WARN_UNUSED_VARIABLE = YES;
				IPHONEOS_DEPLOYMENT_TARGET = 16.1;
				MTL_ENABLE_DEBUG_INFO = INCLUDE_SOURCE;
				MTL_FAST_MATH = YES;
				ONLY_ACTIVE_ARCH = YES;
				SDKROOT = iphoneos;
				SWIFT_ACTIVE_COMPILATION_CONDITIONS = DEBUG;
				SWIFT_OPTIMIZATION_LEVEL = "-Onone";
			};
			name = Debug;
		};
		ACCFA9A02F8547C300AFDB52 /* Release */ = {
			isa = XCBuildConfiguration;
			buildSettings = {
				ALWAYS_SEARCH_USER_PATHS = NO;
				CLANG_ANALYZER_LOCALIZABILITY_NONLOCALIZED = YES;
				CLANG_ANALYZER_NONNULL = YES;
				CLANG_ANALYZER_NUMBER_OBJECT_CONVERSION = YES_AGGRESSIVE;
				CLANG_CXX_LANGUAGE_STANDARD = "gnu++20";
				CLANG_ENABLE_MODULES = YES;
				CLANG_ENABLE_OBJC_ARC = YES;
				CLANG_ENABLE_OBJC_WEAK = YES;
				CLANG_WARN_BLOCK_CAPTURE_AUTORELEASING = YES;
				CLANG_WARN_BOOL_CONVERSION = YES;
				CLANG_WARN_COMMA = YES;
				CLANG_WARN_CONSTANT_CONVERSION = YES;
				CLANG_WARN_DEPRECATED_OBJC_IMPLEMENTATIONS = YES;
				CLANG_WARN_DIRECT_OBJC_ISA_USAGE = YES_ERROR;
				CLANG_WARN_DOCUMENTATION_COMMENTS = YES;
				CLANG_WARN_EMPTY_BODY = YES;
				CLANG_WARN_ENUM_CONVERSION = YES;
				CLANG_WARN_INFINITE_RECURSION = YES;
				CLANG_WARN_INT_CONVERSION = YES;
				CLANG_WARN_NON_LITERAL_NULL_CONVERSION = YES;
				CLANG_WARN_OBJC_IMPLICIT_RETAIN_SELF = YES;
				CLANG_WARN_OBJC_LITERAL_CONVERSION = YES;
				CLANG_WARN_OBJC_ROOT_CLASS = YES_ERROR;
				CLANG_WARN_QUOTED_INCLUDE_IN_FRAMEWORK_HEADER = YES;
				CLANG_WARN_RANGE_LOOP_ANALYSIS = YES;
				CLANG_WARN_STRICT_PROTOTYPES = YES;
				CLANG_WARN_SUSPICIOUS_MOVE = YES;
				CLANG_WARN_UNGUARDED_AVAILABILITY = YES_AGGRESSIVE;
				CLANG_WARN_UNREACHABLE_CODE = YES;
				CLANG_WARN__DUPLICATE_METHOD_MATCH = YES;
				COPY_PHASE_STRIP = NO;
				DEBUG_INFORMATION_FORMAT = "dwarf-with-dsym";
				ENABLE_NS_ASSERTIONS = NO;
				ENABLE_STRICT_OBJC_MSGSEND = YES;
				GCC_C_LANGUAGE_STANDARD = gnu11;
				GCC_NO_COMMON_BLOCKS = YES;
				GCC_WARN_64_TO_32_BIT_CONVERSION = YES;
				GCC_WARN_ABOUT_RETURN_TYPE = YES_ERROR;
				GCC_WARN_UNDECLARED_SELECTOR = YES;
				GCC_WARN_UNINITIALIZED_AUTOS = YES_AGGRESSIVE;
				GCC_WARN_UNUSED_FUNCTION = YES;
				GCC_WARN_UNUSED_VARIABLE = YES;
				IPHONEOS_DEPLOYMENT_TARGET = 16.1;
				MTL_ENABLE_DEBUG_INFO = NO;
				MTL_FAST_MATH = YES;
				SDKROOT = iphoneos;
				SWIFT_COMPILATION_MODE = wholemodule;
				SWIFT_OPTIMIZATION_LEVEL = "-O";
				VALIDATE_PRODUCT = YES;
			};
			name = Release;
		};
		ACCFA9A22F8547C300AFDB52 /* Debug */ = {
			isa = XCBuildConfiguration;
			buildSettings = {
				ASSETCATALOG_COMPILER_APPICON_NAME = AppIcon;
				ASSETCATALOG_COMPILER_GLOBAL_ACCENT_COLOR_NAME = AccentColor;
				CODE_SIGN_STYLE = Automatic;
				CURRENT_PROJECT_VERSION = 1;
				GENERATE_INFOPLIST_FILE = YES;
				INFOPLIST_FILE = Employee_Management_System/Info.plist;
				INFOPLIST_KEY_UIApplicationSupportsIndirectInputEvents = YES;
				INFOPLIST_KEY_UILaunchStoryboardName = LaunchScreen;
				INFOPLIST_KEY_UIMainStoryboardFile = Main;
				INFOPLIST_KEY_UISupportedInterfaceOrientations_iPad = "UIInterfaceOrientationPortrait UIInterfaceOrientationPortraitUpsideDown UIInterfaceOrientationLandscapeLeft UIInterfaceOrientationLandscapeRight";
				INFOPLIST_KEY_UISupportedInterfaceOrientations_iPhone = "UIInterfaceOrientationPortrait UIInterfaceOrientationLandscapeLeft UIInterfaceOrientationLandscapeRight";
				LD_RUNPATH_SEARCH_PATHS = (
					"$(inherited)",
					"@executable_path/Frameworks",
				);
				MARKETING_VERSION = 1.0;
				PRODUCT_BUNDLE_IDENTIFIER = "om.Employee-Management-System";
				PRODUCT_NAME = "$(TARGET_NAME)";
				SWIFT_EMIT_LOC_STRINGS = YES;
				SWIFT_VERSION = 5.0;
				TARGETED_DEVICE_FAMILY = "1,2";
			};
			name = Debug;
		};
		ACCFA9A32F8547C300AFDB52 /* Release */ = {
			isa = XCBuildConfiguration;
			buildSettings = {
				ASSETCATALOG_COMPILER_APPICON_NAME = AppIcon;
				ASSETCATALOG_COMPILER_GLOBAL_ACCENT_COLOR_NAME = AccentColor;
				CODE_SIGN_STYLE = Automatic;
				CURRENT_PROJECT_VERSION = 1;
				GENERATE_INFOPLIST_FILE = YES;
				INFOPLIST_FILE = Employee_Management_System/Info.plist;
				INFOPLIST_KEY_UIApplicationSupportsIndirectInputEvents = YES;
				INFOPLIST_KEY_UILaunchStoryboardName = LaunchScreen;
				INFOPLIST_KEY_UIMainStoryboardFile = Main;
				INFOPLIST_KEY_UISupportedInterfaceOrientations_iPad = "UIInterfaceOrientationPortrait UIInterfaceOrientationPortraitUpsideDown UIInterfaceOrientationLandscapeLeft UIInterfaceOrientationLandscapeRight";
				INFOPLIST_KEY_UISupportedInterfaceOrientations_iPhone = "UIInterfaceOrientationPortrait UIInterfaceOrientationLandscapeLeft UIInterfaceOrientationLandscapeRight";
				LD_RUNPATH_SEARCH_PATHS = (
					"$(inherited)",
					"@executable_path/Frameworks",
				);
				MARKETING_VERSION = 1.0;
				PRODUCT_BUNDLE_IDENTIFIER = "om.Employee-Management-System";
				PRODUCT_NAME = "$(TARGET_NAME)";
				SWIFT_EMIT_LOC_STRINGS = YES;
				SWIFT_VERSION = 5.0;
				TARGETED_DEVICE_FAMILY = "1,2";
			};
			name = Release;
		};
/* End XCBuildConfiguration section */

/* Begin XCConfigurationList section */
		ACCFA9882F8547BE00AFDB52 /* Build configuration list for PBXProject "Employee_Management_System" */ = {
			isa = XCConfigurationList;
			buildConfigurations = (
				ACCFA99F2F8547C300AFDB52 /* Debug */,
				ACCFA9A02F8547C300AFDB52 /* Release */,
			);
			defaultConfigurationIsVisible = 0;
			defaultConfigurationName = Release;
		};
		ACCFA9A12F8547C300AFDB52 /* Build configuration list for PBXNativeTarget "Employee_Management_System" */ = {
			isa = XCConfigurationList;
			buildConfigurations = (
				ACCFA9A22F8547C300AFDB52 /* Debug */,
				ACCFA9A32F8547C300AFDB52 /* Release */,
			);
			defaultConfigurationIsVisible = 0;
			defaultConfigurationName = Release;
		};
/* End XCConfigurationList section */

/* Begin XCRemoteSwiftPackageReference section */
		AC3E37932F89410C00791240 /* XCRemoteSwiftPackageReference "Alamofire" */ = {
			isa = XCRemoteSwiftPackageReference;
			repositoryURL = "https://github.com/Alamofire/Alamofire.git";
			requirement = {
				kind = upToNextMajorVersion;
				minimumVersion = 5.0.0;
			};
		};
/* End XCRemoteSwiftPackageReference section */

/* Begin XCSwiftPackageProductDependency section */
		AC3E37942F89410C00791240 /* Alamofire */ = {
			isa = XCSwiftPackageProductDependency;
			package = AC3E37932F89410C00791240 /* XCRemoteSwiftPackageReference "Alamofire" */;
			productName = Alamofire;
		};
/* End XCSwiftPackageProductDependency section */
	};
	rootObject = ACCFA9852F8547BE00AFDB52 /* Project object */;
}
